// !$*UTF8*$!
{
	archiveVersion = 1;
	classes = {
	};
	objectVersion = 50;
	objects = {

/* Begin PBXBuildFile section */
		482317CC2657AD7700257189 /* AppDelegate.swift in Sources */ = {isa = PBXBuildFile; fileRef = 482317CB2657AD7700257189 /* AppDelegate.swift */; };
		482317CE2657AD7700257189 /* SceneDelegate.swift in Sources */ = {isa = PBXBuildFile; fileRef = 482317CD2657AD7700257189 /* SceneDelegate.swift */; };
		482317D02657AD7700257189 /* ViewController.swift in Sources */ = {isa = PBXBuildFile; fileRef = 482317CF2657AD7700257189 /* ViewController.swift */; };
		482317D32657AD7700257189 /* Main.storyboard in Resources */ = {isa = PBXBuildFile; fileRef = 482317D12657AD7700257189 /* Main.storyboard */; };
		482317D52657AD7A00257189 /* Assets.xcassets in Resources */ = {isa = PBXBuildFile; fileRef = 482317D42657AD7A00257189 /* Assets.xcassets */; };
		482317D82657AD7A00257189 /* LaunchScreen.storyboard in Resources */ = {isa = PBXBuildFile; fileRef = 482317D62657AD7A00257189 /* LaunchScreen.storyboard */; };
		482317E12657B21000257189 /* tab1ViewController.swift in Sources */ = {isa = PBXBuildFile; fileRef = 482317E02657B21000257189 /* tab1ViewController.swift */; };
		482317E42657B68200257189 /* tab2ViewController.swift in Sources */ = {isa = PBXBuildFile; fileRef = 482317E32657B68200257189 /* tab2ViewController.swift */; };
/* End PBXBuildFile section */

/* Begin PBXFileReference section */
		482317C82657AD7700257189 /* tabBarApp.app */ = {isa = PBXFileReference; explicitFileType = wrapper.application; includeInIndex = 0; path = tabBarApp.app; sourceTree = BUILT_PRODUCTS_DIR; };
		482317CB2657AD7700257189 /* AppDelegate.swift */ = {isa = PBXFileReference; lastKnownFileType = sourcecode.swift; path = AppDelegate.swift; sourceTree = "<group>"; };
		482317CD2657AD7700257189 /* SceneDelegate.swift */ = {isa = PBXFileReference; lastKnownFileType = sourcecode.swift; path = SceneDelegate.swift; sourceTree = "<group>"; };
		482317CF2657AD7700257189 /* ViewController.swift */ = {isa = PBXFileReference; lastKnownFileType = sourcecode.swift; path = ViewController.swift; sourceTree = "<group>"; };
		482317D22657AD7700257189 /* Base */ = {isa = PBXFileReference; lastKnownFileType = file.storyboard; name = Base; path = Base.lproj/Main.storyboard; sourceTree = "<group>"; };
		482317D42657AD7A00257189 /* Assets.xcassets */ = {isa = PBXFileReference; lastKnownFileType = folder.assetcatalog; path = Assets.xcassets; sourceTree = "<group>"; };
		482317D72657AD7A00257189 /* Base */ = {isa = PBXFileReference; lastKnownFileType = file.storyboard; name = Base; path = Base.lproj/LaunchScreen.storyboard; sourceTree = "<group>"; };
		482317D92657AD7A00257189 /* Info.plist */ = {isa = PBXFileReference; lastKnownFileType = text.plist.xml; path = Info.plist; sourceTree = "<group>"; };
		482317E02657B21000257189 /* tab1ViewController.swift */ = {isa = PBXFileReference; lastKnownFileType = sourcecode.swift; path = tab1ViewController.swift; sourceTree = "<group>"; };
		482317E32657B68200257189 /* tab2ViewController.swift */ = {isa = PBXFileReference; lastKnownFileType = sourcecode.swift; path = tab2ViewController.swift; sourceTree = "<group>"; };
/* End PBXFileReference section */

/* Begin PBXFrameworksBuildPhase section */
		482317C52657AD7700257189 /* Frameworks */ = {
			isa = PBXFrameworksBuildPhase;
			buildActionMask = 2147483647;
			files = (
			);
			runOnlyForDeploymentPostprocessing = 0;
		};
/* End PBXFrameworksBuildPhase section */

/* Begin PBXGroup section */
		482317BF2657AD7700257189 = {
			isa = PBXGroup;
			children = (
				482317CA2657AD7700257189 /* tabBarApp */,
				482317C92657AD7700257189 /* Products */,
			);
			sourceTree = "<group>";
		};
		482317C92657AD7700257189 /* Products */ = {
			isa = PBXGroup;
			children = (
				482317C82657AD7700257189 /* tabBarApp.app */,
			);
			name = Products;
			sourceTree = "<group>";
		};
		482317CA2657AD7700257189 /* tabBarApp */ = {
			isa = PBXGroup;
			children = (
				482317CB2657AD7700257189 /* AppDelegate.swift */,
				482317CD2657AD7700257189 /* SceneDelegate.swift */,
				482317CF2657AD7700257189 /* ViewController.swift */,
				482317D12657AD7700257189 /* Main.storyboard */,
				482317D42657AD7A00257189 /* Assets.xcassets */,
				482317D62657AD7A00257189 /* LaunchScreen.storyboard */,
				482317D92657AD7A00257189 /* Info.plist */,
				482317E02657B21000257189 /* tab1ViewController.swift */,
				482317E32657B68200257189 /* tab2ViewController.swift */,
			);
			path = tabBarApp;
			sourceTree = "<group>";
		};
/* End PBXGroup section */

/* Begin PBXNativeTarget section */
		482317C72657AD7700257189 /* tabBarApp */ = {
			isa = PBXNativeTarget;
			buildConfigurationList = 482317DC2657AD7A00257189 /* Build configuration list for PBXNativeTarget "tabBarApp" */;
			buildPhases = (
				482317C42657AD7700257189 /* Sources */,
				482317C52657AD7700257189 /* Frameworks */,
				482317C62657AD7700257189 /* Resources */,
			);
			buildRules = (
			);
			dependencies = (
			);
			name = tabBarApp;
			productName = tabBarApp;
			productReference = 482317C82657AD7700257189 /* tabBarApp.app */;
			productType = "com.apple.product-type.application";
		};
/* End PBXNativeTarget section */

/* Begin PBXProject section */
		482317C02657AD7700257189 /* Project object */ = {
			isa = PBXProject;
			attributes = {
				LastSwiftUpdateCheck = 1240;
				LastUpgradeCheck = 1240;
				TargetAttributes = {
					482317C72657AD7700257189 = {
						CreatedOnToolsVersion = 12.4;
					};
				};
			};
			buildConfigurationList = 482317C32657AD7700257189 /* Build configuration list for PBXProject "tabBarApp" */;
			compatibilityVersion = "Xcode 9.3";
			developmentRegion = en;
			hasScannedForEncodings = 0;
			knownRegions = (
				en,
				Base,
			);
			mainGroup = 482317BF2657AD7700257189;
			productRefGroup = 482317C92657AD7700257189 /* Products */;
			projectDirPath = "";
			projectRoot = "";
			targets = (
				482317C72657AD7700257189 /* tabBarApp */,
			);
		};
/* End PBXProject section */

/* Begin PBXResourcesBuildPhase section */
		482317C62657AD7700257189 /* Resources */ = {
			isa = PBXResourcesBuildPhase;
			buildActionMask = 2147483647;
			files = (
				482317D82657AD7A00257189 /* LaunchScreen.storyboard in Resources */,
				482317D52657AD7A00257189 /* Assets.xcassets in Resources */,
				482317D32657AD7700257189 /* Main.storyboard in Resources */,
			);
			runOnlyForDeploymentPostprocessing = 0;
		};
/* End PBXResourcesBuildPhase section */

/* Begin PBXSourcesBuildPhase section */
		482317C42657AD7700257189 /* Sources */ = {
			isa = PBXSourcesBuildPhase;
			buildActionMask = 2147483647;
			files = (
				482317E42657B68200257189 /* tab2ViewController.swift in Sources */,
				482317D02657AD7700257189 /* ViewController.swift in Sources */,
				482317CC2657AD7700257189 /* AppDelegate.swift in Sources */,
				482317E12657B21000257189 /* tab1ViewController.swift in Sources */,
				482317CE2657AD7700257189 /* SceneDelegate.swift in Sources */,
			);
			runOnlyForDeploymentPostprocessing = 0;
		};
/* End PBXSourcesBuildPhase section */

/* Begin PBXVariantGroup section */
		482317D12657AD7700257189 /* Main.storyboard */ = {
			isa = PBXVariantGroup;
			children = (
				482317D22657AD7700257189 /* Base */,
			);
			name = Main.storyboard;
			sourceTree = "<group>";
		};
		482317D62657AD7A00257189 /* LaunchScreen.storyboard */ = {
			isa = PBXVariantGroup;
			children = (
				482317D72657AD7A00257189 /* Base */,
			);
			name = LaunchScreen.storyboard;
			sourceTree = "<group>";
		};
/* End PBXVariantGroup section */

/* Begin XCBuildConfiguration section */
		482317DA2657AD7A00257189 /* Debug */ = {
			isa = XCBuildConfiguration;
			buildSettings = {
				ALWAYS_SEARCH_USER_PATHS = NO;
				CLANG_ANALYZER_NONNULL = YES;
				CLANG_ANALYZER_NUMBER_OBJECT_CONVERSION = YES_AGGRESSIVE;
				CLANG_CXX_LANGUAGE_STANDARD = "gnu++14";
				CLANG_CXX_LIBRARY = "libc++";
				CLANG_ENABLE_MODULES = YES;
				CLANG_ENABLE_OBJC_ARC = YES;
				CLANG_ENABLE_OBJC_WEAK = YES;
				CLANG_WARN_BLOCK_CAPTURE_AUTORELEASING = YES;
				CLANG_WARN_BOOL_CONVERSION = YES;
				CLANG_WARN_COMMA = YES;
				CLANG_WARN_CONSTANT_CONVERSION = YES;
				CLANG_WARN_DEPRECATED_OBJC_IMPLEMENTATIONS = YES;
				CLANG_WARN_DIRECT_OBJC_ISA_USAGE = YES_ERROR;
				CLANG_WARN_DOCUMENTATION_COMMENTS = YES;
				CLANG_WARN_EMPTY_BODY = YES;
				CLANG_WARN_ENUM_CONVERSION = YES;
				CLANG_WARN_INFINITE_RECURSION = YES;
				CLANG_WARN_INT_CONVERSION = YES;
				CLANG_WARN_NON_LITERAL_NULL_CONVERSION = YES;
				CLANG_WARN_OBJC_IMPLICIT_RETAIN_SELF = YES;
				CLANG_WARN_OBJC_LITERAL_CONVERSION = YES;
				CLANG_WARN_OBJC_ROOT_CLASS = YES_ERROR;
				CLANG_WARN_QUOTED_INCLUDE_IN_FRAMEWORK_HEADER = YES;
				CLANG_WARN_RANGE_LOOP_ANALYSIS = YES;
				CLANG_WARN_STRICT_PROTOTYPES = YES;
				CLANG_WARN_SUSPICIOUS_MOVE = YES;
				CLANG_WARN_UNGUARDED_AVAILABILITY = YES_AGGRESSIVE;
				CLANG_WARN_UNREACHABLE_CODE = YES;
				CLANG_WARN__DUPLICATE_METHOD_MATCH = YES;
				COPY_PHASE_STRIP = NO;
				DEBUG_INFORMATION_FORMAT = dwarf;
				ENABLE_STRICT_OBJC_MSGSEND = YES;
				ENABLE_TESTABILITY = YES;
				GCC_C_LANGUAGE_STANDARD = gnu11;
				GCC_DYNAMIC_NO_PIC = NO;
				GCC_NO_COMMON_BLOCKS = YES;
				GCC_OPTIMIZATION_LEVEL = 0;
				GCC_PREPROCESSOR_DEFINITIONS = (
					"DEBUG=1",
					"$(inherited)",
				);
				GCC_WARN_64_TO_32_BIT_CONVERSION = YES;
				GCC_WARN_ABOUT_RETURN_TYPE = YES_ERROR;
				GCC_WARN_UNDECLARED_SELECTOR = YES;
				GCC_WARN_UNINITIALIZED_AUTOS = YES_AGGRESSIVE;
				GCC_WARN_UNUSED_FUNCTION = YES;
				GCC_WARN_UNUSED_VARIABLE = YES;
				IPHONEOS_DEPLOYMENT_TARGET = 14.4;
				MTL_ENABLE_DEBUG_INFO = INCLUDE_SOURCE;
				MTL_FAST_MATH = YES;
				ONLY_ACTIVE_ARCH = YES;
				SDKROOT = iphoneos;
				SWIFT_ACTIVE_COMPILATION_CONDITIONS = DEBUG;
				SWIFT_OPTIMIZATION_LEVEL = "-Onone";
			};
			name = Debug;
		};
		482317DB2657AD7A00257189 /* Release */ = {
			isa = XCBuildConfiguration;
			buildSettings = {
				ALWAYS_SEARCH_USER_PATHS = NO;
				CLANG_ANALYZER_NONNULL = YES;
				CLANG_ANALYZER_NUMBER_OBJECT_CONVERSION = YES_AGGRESSIVE;
				CLANG_CXX_LANGUAGE_STANDARD = "gnu++14";
				CLANG_CXX_LIBRARY = "libc++";
				CLANG_ENABLE_MODULES = YES;
				CLANG_ENABLE_OBJC_ARC = YES;
				CLANG_ENABLE_OBJC_WEAK = YES;
				CLANG_WARN_BLOCK_CAPTURE_AUTORELEASING = YES;
				CLANG_WARN_BOOL_CONVERSION = YES;
				CLANG_WARN_COMMA = YES;
				CLANG_WARN_CONSTANT_CONVERSION = YES;
				CLANG_WARN_DEPRECATED_OBJC_IMPLEMENTATIONS = YES;
				CLANG_WARN_DIRECT_OBJC_ISA_USAGE = YES_ERROR;
				CLANG_WARN_DOCUMENTATION_COMMENTS = YES;
				CLANG_WARN_EMPTY_BODY = YES;
				CLANG_WARN_ENUM_CONVERSION = YES;
				CLANG_WARN_INFINITE_RECURSION = YES;
				CLANG_WARN_INT_CONVERSION = YES;
				CLANG_WARN_NON_LITERAL_NULL_CONVERSION = YES;
				CLANG_WARN_OBJC_IMPLICIT_RETAIN_SELF = YES;
				CLANG_WARN_OBJC_LITERAL_CONVERSION = YES;
				CLANG_WARN_OBJC_ROOT_CLASS = YES_ERROR;
				CLANG_WARN_QUOTED_INCLUDE_IN_FRAMEWORK_HEADER = YES;
				CLANG_WARN_RANGE_LOOP_ANALYSIS = YES;
				CLANG_WARN_STRICT_PROTOTYPES = YES;
				CLANG_WARN_SUSPICIOUS_MOVE = YES;
				CLANG_WARN_UNGUARDED_AVAILABILITY = YES_AGGRESSIVE;
				CLANG_WARN_UNREACHABLE_CODE = YES;
				CLANG_WARN__DUPLICATE_METHOD_MATCH = YES;
				COPY_PHASE_STRIP = NO;
				DEBUG_INFORMATION_FORMAT = "dwarf-with-dsym";
				ENABLE_NS_ASSERTIONS = NO;
				ENABLE_STRICT_OBJC_MSGSEND = YES;
				GCC_C_LANGUAGE_STANDARD = gnu11;
				GCC_NO_COMMON_BLOCKS = YES;
				GCC_WARN_64_TO_32_BIT_CONVERSION = YES;
				GCC_WARN_ABOUT_RETURN_TYPE = YES_ERROR;
				GCC_WARN_UNDECLARED_SELECTOR = YES;
				GCC_WARN_UNINITIALIZED_AUTOS = YES_AGGRESSIVE;
				GCC_WARN_UNUSED_FUNCTION = YES;
				GCC_WARN_UNUSED_VARIABLE = YES;
				IPHONEOS_DEPLOYMENT_TARGET = 14.4;
				MTL_ENABLE_DEBUG_INFO = NO;
				MTL_FAST_MATH = YES;
				SDKROOT = iphoneos;
				SWIFT_COMPILATION_MODE = wholemodule;
				SWIFT_OPTIMIZATION_LEVEL = "-O";
				VALIDATE_PRODUCT = YES;
			};
			name = Release;
		};
		482317DD2657AD7A00257189 /* Debug */ = {
			isa = XCBuildConfiguration;
			buildSettings = {
				ASSETCATALOG_COMPILER_APPICON_NAME = AppIcon;
				ASSETCATALOG_COMPILER_GLOBAL_ACCENT_COLOR_NAME = AccentColor;
				CODE_SIGN_STYLE = Automatic;
				DEVELOPMENT_TEAM = 6UZD7PJLNB;
				INFOPLIST_FILE = tabBarApp/Info.plist;
				LD_RUNPATH_SEARCH_PATHS = (
					"$(inherited)",
					"@executable_path/Frameworks",
				);
				PRODUCT_BUNDLE_IDENTIFIER = com.syuta.tabBarApp;
				PRODUCT_NAME = "$(TARGET_NAME)";
				SWIFT_VERSION = 5.0;
				TARGETED_DEVICE_FAMILY = "1,2";
			};
			name = Debug;
		};
		482317DE2657AD7A00257189 /* Release */ = {
			isa = XCBuildConfiguration;
			buildSettings = {
				ASSETCATALOG_COMPILER_APPICON_NAME = AppIcon;
				ASSETCATALOG_COMPILER_GLOBAL_ACCENT_COLOR_NAME = AccentColor;
				CODE_SIGN_STYLE = Automatic;
				DEVELOPMENT_TEAM = 6UZD7PJLNB;
				INFOPLIST_FILE = tabBarApp/Info.plist;
				LD_RUNPATH_SEARCH_PATHS = (
					"$(inherited)",
					"@executable_path/Frameworks",
				);
				PRODUCT_BUNDLE_IDENTIFIER = com.syuta.tabBarApp;
				PRODUCT_NAME = "$(TARGET_NAME)";
				SWIFT_VERSION = 5.0;
				TARGETED_DEVICE_FAMILY = "1,2";
			};
			name = Release;
		};
/* End XCBuildConfiguration section */

/* Begin XCConfigurationList section */
		482317C32657AD7700257189 /* Build configuration list for PBXProject "tabBarApp" */ = {
			isa = XCConfigurationList;
			buildConfigurations = (
				482317DA2657AD7A00257189 /* Debug */,
				482317DB2657AD7A00257189 /* Release */,
			);
			defaultConfigurationIsVisible = 0;
			defaultConfigurationName = Release;
		};
		482317DC2657AD7A00257189 /* Build configuration list for PBXNativeTarget "tabBarApp" */ = {
			isa = XCConfigurationList;
			buildConfigurations = (
				482317DD2657AD7A00257189 /* Debug */,
				482317DE2657AD7A00257189 /* Release */,
			);
			defaultConfigurationIsVisible = 0;
			defaultConfigurationName = Release;
		};
/* End XCConfigurationList section */
	};
	rootObject = 482317C02657AD7700257189 /* Project object */;
}
